
Microsoft Visual Studio Solution File, Format Version 12.00
# Visual Studio 2012
Project("{8BC9CEB8-8B4A-11D0-8D11-00A0C91BC942}") = "bulyAlgorithmNode", "bulyAlgorithmNode\bulyAlgorithmNode.vcxproj", "{BD823BDF-9B1A-4949-A7A8-B785A1A59BFB}"
EndProject
Global
	GlobalSection(SolutionConfigurationPlatforms) = preSolution
		Debug|Win32 = Debug|Win32
		Release|Win32 = Release|Win32
	EndGlobalSection
	GlobalSection(ProjectConfigurationPlatforms) = postSolution
		{BD823BDF-9B1A-4949-A7A8-B785A1A59BFB}.Debug|Win32.ActiveCfg = Debug|Win32
		{BD823BDF-9B1A-4949-A7A8-B785A1A59BFB}.Debug|Win32.Build.0 = Debug|Win32
		{BD823BDF-9B1A-4949-A7A8-B785A1A59BFB}.Release|Win32.ActiveCfg = Release|Win32
		{BD823BDF-9B1A-4949-A7A8-B785A1A59BFB}.Release|Win32.Build.0 = Release|Win32
	EndGlobalSection
	GlobalSection(SolutionProperties) = preSolution
		HideSolutionNode = FALSE
	EndGlobalSection
EndGlobal
